// !$*UTF8*$!
{
	archiveVersion = 1;
	classes = {
	};
	objectVersion = 77;
	objects = {

/* Begin PBXBuildFile section */
		1B0FFBCE2DBA2CC30055FD60 /* DraftOle in Frameworks */ = {isa = PBXBuildFile; productRef = 1B0FFBCD2DBA2CC30055FD60 /* DraftOle */; };
		1B36AA9F2DBA29D9003EF9C9 /* DraftOle in Frameworks */ = {isa = PBXBuildFile; productRef = 1B36AA9E2DBA29D9003EF9C9 /* DraftOle */; };
/* End PBXBuildFile section */

/* Begin PBXContainerItemProxy section */
		1B0FFBCF2DBA2D380055FD60 /* PBXContainerItemProxy */ = {
			isa = PBXContainerItemProxy;
			containerPortal = 1B7BC6D12DBA28690018D04D /* Project object */;
			proxyType = 1;
			remoteGlobalIDString = 1B7BC6D82DBA28690018D04D;
			remoteInfo = OleExample;
		};
/* End PBXContainerItemProxy section */

/* Begin PBXCopyFilesBuildPhase section */
		1B7BC6D72DBA28690018D04D /* CopyFiles */ = {
			isa = PBXCopyFilesBuildPhase;
			buildActionMask = 2147483647;
			dstPath = /usr/share/man/man1/;
			dstSubfolderSpec = 0;
			files = (
			);
			runOnlyForDeploymentPostprocessing = 1;
		};
/* End PBXCopyFilesBuildPhase section */

/* Begin PBXFileReference section */
		1B0FFBC62DBA2C7C0055FD60 /* OleExmpleTest.xctest */ = {isa = PBXFileReference; explicitFileType = wrapper.cfbundle; includeInIndex = 0; path = OleExmpleTest.xctest; sourceTree = BUILT_PRODUCTS_DIR; };
		1B7BC6D92DBA28690018D04D /* OleExample */ = {isa = PBXFileReference; explicitFileType = "compiled.mach-o.executable"; includeInIndex = 0; path = OleExample; sourceTree = BUILT_PRODUCTS_DIR; };
/* End PBXFileReference section */

/* Begin PBXFileSystemSynchronizedBuildFileExceptionSet section */
		1B0FFBD22DBA2DE90055FD60 /* Exceptions for "OleExample" folder in "OleExmpleTest" target */ = {
			isa = PBXFileSystemSynchronizedBuildFileExceptionSet;
			membershipExceptions = (
				main.swift,
			);
			target = 1B0FFBC52DBA2C7C0055FD60 /* OleExmpleTest */;
		};
/* End PBXFileSystemSynchronizedBuildFileExceptionSet section */

/* Begin PBXFileSystemSynchronizedRootGroup section */
		1B0FFBC72DBA2C7C0055FD60 /* OleExmpleTest */ = {
			isa = PBXFileSystemSynchronizedRootGroup;
			path = OleExmpleTest;
			sourceTree = "<group>";
		};
		1B7BC6DB2DBA28690018D04D /* OleExample */ = {
			isa = PBXFileSystemSynchronizedRootGroup;
			exceptions = (
				1B0FFBD22DBA2DE90055FD60 /* Exceptions for "OleExample" folder in "OleExmpleTest" target */,
			);
			path = OleExample;
			sourceTree = "<group>";
		};
/* End PBXFileSystemSynchronizedRootGroup section */

/* Begin PBXFrameworksBuildPhase section */
		1B0FFBC32DBA2C7C0055FD60 /* Frameworks */ = {
			isa = PBXFrameworksBuildPhase;
			buildActionMask = 2147483647;
			files = (
				1B0FFBCE2DBA2CC30055FD60 /* DraftOle in Frameworks */,
			);
			runOnlyForDeploymentPostprocessing = 0;
		};
		1B7BC6D62DBA28690018D04D /* Frameworks */ = {
			isa = PBXFrameworksBuildPhase;
			buildActionMask = 2147483647;
			files = (
				1B36AA9F2DBA29D9003EF9C9 /* DraftOle in Frameworks */,
			);
			runOnlyForDeploymentPostprocessing = 0;
		};
/* End PBXFrameworksBuildPhase section */

/* Begin PBXGroup section */
		1B36AA9D2DBA29D9003EF9C9 /* Frameworks */ = {
			isa = PBXGroup;
			children = (
			);
			name = Frameworks;
			sourceTree = "<group>";
		};
		1B7BC6D02DBA28690018D04D = {
			isa = PBXGroup;
			children = (
				1B7BC6DB2DBA28690018D04D /* OleExample */,
				1B0FFBC72DBA2C7C0055FD60 /* OleExmpleTest */,
				1B36AA9D2DBA29D9003EF9C9 /* Frameworks */,
				1B7BC6DA2DBA28690018D04D /* Products */,
			);
			sourceTree = "<group>";
		};
		1B7BC6DA2DBA28690018D04D /* Products */ = {
			isa = PBXGroup;
			children = (
				1B7BC6D92DBA28690018D04D /* OleExample */,
				1B0FFBC62DBA2C7C0055FD60 /* OleExmpleTest.xctest */,
			);
			name = Products;
			sourceTree = "<group>";
		};
/* End PBXGroup section */

/* Begin PBXNativeTarget section */
		1B0FFBC52DBA2C7C0055FD60 /* OleExmpleTest */ = {
			isa = PBXNativeTarget;
			buildConfigurationList = 1B0FFBCA2DBA2C7C0055FD60 /* Build configuration list for PBXNativeTarget "OleExmpleTest" */;
			buildPhases = (
				1B0FFBC22DBA2C7C0055FD60 /* Sources */,
				1B0FFBC32DBA2C7C0055FD60 /* Frameworks */,
				1B0FFBC42DBA2C7C0055FD60 /* Resources */,
			);
			buildRules = (
			);
			dependencies = (
				1B0FFBD02DBA2D380055FD60 /* PBXTargetDependency */,
			);
			fileSystemSynchronizedGroups = (
				1B0FFBC72DBA2C7C0055FD60 /* OleExmpleTest */,
			);
			name = OleExmpleTest;
			packageProductDependencies = (
				1B0FFBCD2DBA2CC30055FD60 /* DraftOle */,
			);
			productName = OleExmpleTest;
			productReference = 1B0FFBC62DBA2C7C0055FD60 /* OleExmpleTest.xctest */;
			productType = "com.apple.product-type.bundle.unit-test";
		};
		1B7BC6D82DBA28690018D04D /* OleExample */ = {
			isa = PBXNativeTarget;
			buildConfigurationList = 1B7BC6E02DBA28690018D04D /* Build configuration list for PBXNativeTarget "OleExample" */;
			buildPhases = (
				1B7BC6D52DBA28690018D04D /* Sources */,
				1B7BC6D62DBA28690018D04D /* Frameworks */,
				1B7BC6D72DBA28690018D04D /* CopyFiles */,
			);
			buildRules = (
			);
			dependencies = (
			);
			fileSystemSynchronizedGroups = (
				1B7BC6DB2DBA28690018D04D /* OleExample */,
			);
			name = OleExample;
			packageProductDependencies = (
				1B36AA9E2DBA29D9003EF9C9 /* DraftOle */,
			);
			productName = OleExample;
			productReference = 1B7BC6D92DBA28690018D04D /* OleExample */;
			productType = "com.apple.product-type.tool";
		};
/* End PBXNativeTarget section */

/* Begin PBXProject section */
		1B7BC6D12DBA28690018D04D /* Project object */ = {
			isa = PBXProject;
			attributes = {
				BuildIndependentTargetsInParallel = 1;
				LastSwiftUpdateCheck = 1630;
				LastUpgradeCheck = 1630;
				TargetAttributes = {
					1B0FFBC52DBA2C7C0055FD60 = {
						CreatedOnToolsVersion = 16.3;
					};
					1B7BC6D82DBA28690018D04D = {
						CreatedOnToolsVersion = 16.3;
					};
				};
			};
			buildConfigurationList = 1B7BC6D42DBA28690018D04D /* Build configuration list for PBXProject "OleExample" */;
			developmentRegion = en;
			hasScannedForEncodings = 0;
			knownRegions = (
				en,
				Base,
			);
			mainGroup = 1B7BC6D02DBA28690018D04D;
			minimizedProjectReferenceProxies = 1;
			preferredProjectObjectVersion = 77;
			productRefGroup = 1B7BC6DA2DBA28690018D04D /* Products */;
			projectDirPath = "";
			projectRoot = "";
			targets = (
				1B7BC6D82DBA28690018D04D /* OleExample */,
				1B0FFBC52DBA2C7C0055FD60 /* OleExmpleTest */,
			);
		};
/* End PBXProject section */

/* Begin PBXResourcesBuildPhase section */
		1B0FFBC42DBA2C7C0055FD60 /* Resources */ = {
			isa = PBXResourcesBuildPhase;
			buildActionMask = 2147483647;
			files = (
			);
			runOnlyForDeploymentPostprocessing = 0;
		};
/* End PBXResourcesBuildPhase section */

/* Begin PBXSourcesBuildPhase section */
		1B0FFBC22DBA2C7C0055FD60 /* Sources */ = {
			isa = PBXSourcesBuildPhase;
			buildActionMask = 2147483647;
			files = (
			);
			runOnlyForDeploymentPostprocessing = 0;
		};
		1B7BC6D52DBA28690018D04D /* Sources */ = {
			isa = PBXSourcesBuildPhase;
			buildActionMask = 2147483647;
			files = (
			);
			runOnlyForDeploymentPostprocessing = 0;
		};
/* End PBXSourcesBuildPhase section */

/* Begin PBXTargetDependency section */
		1B0FFBD02DBA2D380055FD60 /* PBXTargetDependency */ = {
			isa = PBXTargetDependency;
			target = 1B7BC6D82DBA28690018D04D /* OleExample */;
			targetProxy = 1B0FFBCF2DBA2D380055FD60 /* PBXContainerItemProxy */;
		};
/* End PBXTargetDependency section */

/* Begin XCBuildConfiguration section */
		1B0FFBCB2DBA2C7C0055FD60 /* Debug */ = {
			isa = XCBuildConfiguration;
			buildSettings = {
				CODE_SIGN_STYLE = Automatic;
				CURRENT_PROJECT_VERSION = 1;
				DEVELOPMENT_TEAM = YW5D2A6T9H;
				GENERATE_INFOPLIST_FILE = YES;
				MARKETING_VERSION = 1.0;
				PRODUCT_BUNDLE_IDENTIFIER = zaseeta.com.OleExmpleTest;
				PRODUCT_NAME = "$(TARGET_NAME)";
				SWIFT_EMIT_LOC_STRINGS = NO;
				SWIFT_VERSION = 5.0;
			};
			name = Debug;
		};
		1B0FFBCC2DBA2C7C0055FD60 /* Release */ = {
			isa = XCBuildConfiguration;
			buildSettings = {
				CODE_SIGN_STYLE = Automatic;
				CURRENT_PROJECT_VERSION = 1;
				DEVELOPMENT_TEAM = YW5D2A6T9H;
				GENERATE_INFOPLIST_FILE = YES;
				MARKETING_VERSION = 1.0;
				PRODUCT_BUNDLE_IDENTIFIER = zaseeta.com.OleExmpleTest;
				PRODUCT_NAME = "$(TARGET_NAME)";
				SWIFT_EMIT_LOC_STRINGS = NO;
				SWIFT_VERSION = 5.0;
			};
			name = Release;
		};
		1B7BC6DE2DBA28690018D04D /* Debug */ = {
			isa = XCBuildConfiguration;
			buildSettings = {
				ALWAYS_SEARCH_USER_PATHS = NO;
				ASSETCATALOG_COMPILER_GENERATE_SWIFT_ASSET_SYMBOL_EXTENSIONS = YES;
				CLANG_ANALYZER_NONNULL = YES;
				CLANG_ANALYZER_NUMBER_OBJECT_CONVERSION = YES_AGGRESSIVE;
				CLANG_CXX_LANGUAGE_STANDARD = "gnu++20";
				CLANG_ENABLE_MODULES = YES;
				CLANG_ENABLE_OBJC_ARC = YES;
				CLANG_ENABLE_OBJC_WEAK = YES;
				CLANG_WARN_BLOCK_CAPTURE_AUTORELEASING = YES;
				CLANG_WARN_BOOL_CONVERSION = YES;
				CLANG_WARN_COMMA = YES;
				CLANG_WARN_CONSTANT_CONVERSION = YES;
				CLANG_WARN_DEPRECATED_OBJC_IMPLEMENTATIONS = YES;
				CLANG_WARN_DIRECT_OBJC_ISA_USAGE = YES_ERROR;
				CLANG_WARN_DOCUMENTATION_COMMENTS = YES;
				CLANG_WARN_EMPTY_BODY = YES;
				CLANG_WARN_ENUM_CONVERSION = YES;
				CLANG_WARN_INFINITE_RECURSION = YES;
				CLANG_WARN_INT_CONVERSION = YES;
				CLANG_WARN_NON_LITERAL_NULL_CONVERSION = YES;
				CLANG_WARN_OBJC_IMPLICIT_RETAIN_SELF = YES;
				CLANG_WARN_OBJC_LITERAL_CONVERSION = YES;
				CLANG_WARN_OBJC_ROOT_CLASS = YES_ERROR;
				CLANG_WARN_QUOTED_INCLUDE_IN_FRAMEWORK_HEADER = YES;
				CLANG_WARN_RANGE_LOOP_ANALYSIS = YES;
				CLANG_WARN_STRICT_PROTOTYPES = YES;
				CLANG_WARN_SUSPICIOUS_MOVE = YES;
				CLANG_WARN_UNGUARDED_AVAILABILITY = YES_AGGRESSIVE;
				CLANG_WARN_UNREACHABLE_CODE = YES;
				CLANG_WARN__DUPLICATE_METHOD_MATCH = YES;
				COPY_PHASE_STRIP = NO;
				DEBUG_INFORMATION_FORMAT = dwarf;
				DEVELOPMENT_TEAM = YW5D2A6T9H;
				ENABLE_STRICT_OBJC_MSGSEND = YES;
				ENABLE_TESTABILITY = YES;
				ENABLE_USER_SCRIPT_SANDBOXING = YES;
				GCC_C_LANGUAGE_STANDARD = gnu17;
				GCC_DYNAMIC_NO_PIC = NO;
				GCC_NO_COMMON_BLOCKS = YES;
				GCC_OPTIMIZATION_LEVEL = 0;
				GCC_PREPROCESSOR_DEFINITIONS = (
					"DEBUG=1",
					"$(inherited)",
				);
				GCC_WARN_64_TO_32_BIT_CONVERSION = YES;
				GCC_WARN_ABOUT_RETURN_TYPE = YES_ERROR;
				GCC_WARN_UNDECLARED_SELECTOR = YES;
				GCC_WARN_UNINITIALIZED_AUTOS = YES_AGGRESSIVE;
				GCC_WARN_UNUSED_FUNCTION = YES;
				GCC_WARN_UNUSED_VARIABLE = YES;
				LOCALIZATION_PREFERS_STRING_CATALOGS = YES;
				MACOSX_DEPLOYMENT_TARGET = 15.3;
				MTL_ENABLE_DEBUG_INFO = INCLUDE_SOURCE;
				MTL_FAST_MATH = YES;
				ONLY_ACTIVE_ARCH = YES;
				SDKROOT = macosx;
				SWIFT_ACTIVE_COMPILATION_CONDITIONS = "DEBUG $(inherited)";
				SWIFT_OPTIMIZATION_LEVEL = "-Onone";
			};
			name = Debug;
		};
		1B7BC6DF2DBA28690018D04D /* Release */ = {
			isa = XCBuildConfiguration;
			buildSettings = {
				ALWAYS_SEARCH_USER_PATHS = NO;
				ASSETCATALOG_COMPILER_GENERATE_SWIFT_ASSET_SYMBOL_EXTENSIONS = YES;
				CLANG_ANALYZER_NONNULL = YES;
				CLANG_ANALYZER_NUMBER_OBJECT_CONVERSION = YES_AGGRESSIVE;
				CLANG_CXX_LANGUAGE_STANDARD = "gnu++20";
				CLANG_ENABLE_MODULES = YES;
				CLANG_ENABLE_OBJC_ARC = YES;
				CLANG_ENABLE_OBJC_WEAK = YES;
				CLANG_WARN_BLOCK_CAPTURE_AUTORELEASING = YES;
				CLANG_WARN_BOOL_CONVERSION = YES;
				CLANG_WARN_COMMA = YES;
				CLANG_WARN_CONSTANT_CONVERSION = YES;
				CLANG_WARN_DEPRECATED_OBJC_IMPLEMENTATIONS = YES;
				CLANG_WARN_DIRECT_OBJC_ISA_USAGE = YES_ERROR;
				CLANG_WARN_DOCUMENTATION_COMMENTS = YES;
				CLANG_WARN_EMPTY_BODY = YES;
				CLANG_WARN_ENUM_CONVERSION = YES;
				CLANG_WARN_INFINITE_RECURSION = YES;
				CLANG_WARN_INT_CONVERSION = YES;
				CLANG_WARN_NON_LITERAL_NULL_CONVERSION = YES;
				CLANG_WARN_OBJC_IMPLICIT_RETAIN_SELF = YES;
				CLANG_WARN_OBJC_LITERAL_CONVERSION = YES;
				CLANG_WARN_OBJC_ROOT_CLASS = YES_ERROR;
				CLANG_WARN_QUOTED_INCLUDE_IN_FRAMEWORK_HEADER = YES;
				CLANG_WARN_RANGE_LOOP_ANALYSIS = YES;
				CLANG_WARN_STRICT_PROTOTYPES = YES;
				CLANG_WARN_SUSPICIOUS_MOVE = YES;
				CLANG_WARN_UNGUARDED_AVAILABILITY = YES_AGGRESSIVE;
				CLANG_WARN_UNREACHABLE_CODE = YES;
				CLANG_WARN__DUPLICATE_METHOD_MATCH = YES;
				COPY_PHASE_STRIP = NO;
				DEBUG_INFORMATION_FORMAT = "dwarf-with-dsym";
				DEVELOPMENT_TEAM = YW5D2A6T9H;
				ENABLE_NS_ASSERTIONS = NO;
				ENABLE_STRICT_OBJC_MSGSEND = YES;
				ENABLE_USER_SCRIPT_SANDBOXING = YES;
				GCC_C_LANGUAGE_STANDARD = gnu17;
				GCC_NO_COMMON_BLOCKS = YES;
				GCC_WARN_64_TO_32_BIT_CONVERSION = YES;
				GCC_WARN_ABOUT_RETURN_TYPE = YES_ERROR;
				GCC_WARN_UNDECLARED_SELECTOR = YES;
				GCC_WARN_UNINITIALIZED_AUTOS = YES_AGGRESSIVE;
				GCC_WARN_UNUSED_FUNCTION = YES;
				GCC_WARN_UNUSED_VARIABLE = YES;
				LOCALIZATION_PREFERS_STRING_CATALOGS = YES;
				MACOSX_DEPLOYMENT_TARGET = 15.3;
				MTL_ENABLE_DEBUG_INFO = NO;
				MTL_FAST_MATH = YES;
				SDKROOT = macosx;
				SWIFT_COMPILATION_MODE = wholemodule;
			};
			name = Release;
		};
		1B7BC6E12DBA28690018D04D /* Debug */ = {
			isa = XCBuildConfiguration;
			buildSettings = {
				CODE_SIGN_STYLE = Automatic;
				DEVELOPMENT_TEAM = YW5D2A6T9H;
				ENABLE_HARDENED_RUNTIME = YES;
				PRODUCT_NAME = "$(TARGET_NAME)";
				SWIFT_VERSION = 5.0;
			};
			name = Debug;
		};
		1B7BC6E22DBA28690018D04D /* Release */ = {
			isa = XCBuildConfiguration;
			buildSettings = {
				CODE_SIGN_STYLE = Automatic;
				DEVELOPMENT_TEAM = YW5D2A6T9H;
				ENABLE_HARDENED_RUNTIME = YES;
				PRODUCT_NAME = "$(TARGET_NAME)";
				SWIFT_VERSION = 5.0;
			};
			name = Release;
		};
/* End XCBuildConfiguration section */

/* Begin XCConfigurationList section */
		1B0FFBCA2DBA2C7C0055FD60 /* Build configuration list for PBXNativeTarget "OleExmpleTest" */ = {
			isa = XCConfigurationList;
			buildConfigurations = (
				1B0FFBCB2DBA2C7C0055FD60 /* Debug */,
				1B0FFBCC2DBA2C7C0055FD60 /* Release */,
			);
			defaultConfigurationIsVisible = 0;
			defaultConfigurationName = Release;
		};
		1B7BC6D42DBA28690018D04D /* Build configuration list for PBXProject "OleExample" */ = {
			isa = XCConfigurationList;
			buildConfigurations = (
				1B7BC6DE2DBA28690018D04D /* Debug */,
				1B7BC6DF2DBA28690018D04D /* Release */,
			);
			defaultConfigurationIsVisible = 0;
			defaultConfigurationName = Release;
		};
		1B7BC6E02DBA28690018D04D /* Build configuration list for PBXNativeTarget "OleExample" */ = {
			isa = XCConfigurationList;
			buildConfigurations = (
				1B7BC6E12DBA28690018D04D /* Debug */,
				1B7BC6E22DBA28690018D04D /* Release */,
			);
			defaultConfigurationIsVisible = 0;
			defaultConfigurationName = Release;
		};
/* End XCConfigurationList section */

/* Begin XCSwiftPackageProductDependency section */
		1B0FFBCD2DBA2CC30055FD60 /* DraftOle */ = {
			isa = XCSwiftPackageProductDependency;
			productName = DraftOle;
		};
		1B36AA9E2DBA29D9003EF9C9 /* DraftOle */ = {
			isa = XCSwiftPackageProductDependency;
			productName = DraftOle;
		};
/* End XCSwiftPackageProductDependency section */
	};
	rootObject = 1B7BC6D12DBA28690018D04D /* Project object */;
}
